
Microsoft Visual Studio Solution File, Format Version 12.00
# Visual Studio Version 16
VisualStudioVersion = 16.0.30517.126
MinimumVisualStudioVersion = 10.0.40219.1
Project("{FAE04EC0-301F-11D3-BF4B-00C04F79EFBC}") = "tarea2", "tarea2\tarea2.csproj", "{450AFCC8-A387-489F-984F-0C93E2C6EC57}"
EndProject
Global
	GlobalSection(SolutionConfigurationPlatforms) = preSolution
		Debug|Any CPU = Debug|Any CPU
		Release|Any CPU = Release|Any CPU
	EndGlobalSection
	GlobalSection(ProjectConfigurationPlatforms) = postSolution
		{450AFCC8-A387-489F-984F-0C93E2C6EC57}.Debug|Any CPU.ActiveCfg = Debug|Any CPU
		{450AFCC8-A387-489F-984F-0C93E2C6EC57}.Debug|Any CPU.Build.0 = Debug|Any CPU
		{450AFCC8-A387-489F-984F-0C93E2C6EC57}.Release|Any CPU.ActiveCfg = Release|Any CPU
		{450AFCC8-A387-489F-984F-0C93E2C6EC57}.Release|Any CPU.Build.0 = Release|Any CPU
	EndGlobalSection
	GlobalSection(SolutionProperties) = preSolution
		HideSolutionNode = FALSE
	EndGlobalSection
	GlobalSection(ExtensibilityGlobals) = postSolution
		SolutionGuid = {34315BD9-803B-4ED1-BF7A-DD8EB7A46B51}
	EndGlobalSection
EndGlobal
